// !$*UTF8*$!
{
	archiveVersion = 1;
	classes = {
	};
	objectVersion = 50;
	objects = {

/* Begin PBXBuildFile section */
		BF6800D126B6B89F00454517 /* SwiftfulCryptoApp.swift in Sources */ = {isa = PBXBuildFile; fileRef = BF6800D026B6B89F00454517 /* SwiftfulCryptoApp.swift */; };
		BF6800D326B6B89F00454517 /* ContentView.swift in Sources */ = {isa = PBXBuildFile; fileRef = BF6800D226B6B89F00454517 /* ContentView.swift */; };
		BF6800D526B6B8A200454517 /* Assets.xcassets in Resources */ = {isa = PBXBuildFile; fileRef = BF6800D426B6B8A200454517 /* Assets.xcassets */; };
		BF6800D826B6B8A200454517 /* Preview Assets.xcassets in Resources */ = {isa = PBXBuildFile; fileRef = BF6800D726B6B8A200454517 /* Preview Assets.xcassets */; };
		BF6800E426B6BDC900454517 /* Color.swift in Sources */ = {isa = PBXBuildFile; fileRef = BF6800E326B6BDC900454517 /* Color.swift */; };
		BF6800EA26B6C58400454517 /* HomeView.swift in Sources */ = {isa = PBXBuildFile; fileRef = BF6800E926B6C58400454517 /* HomeView.swift */; };
		BF6800EE26B6D14800454517 /* CircleButtonView.swift in Sources */ = {isa = PBXBuildFile; fileRef = BF6800ED26B6D14800454517 /* CircleButtonView.swift */; };
		BF6800F026B6D8F200454517 /* CircleBottonAnimationView.swift in Sources */ = {isa = PBXBuildFile; fileRef = BF6800EF26B6D8F200454517 /* CircleBottonAnimationView.swift */; };
/* End PBXBuildFile section */

/* Begin PBXFileReference section */
		BF6800CD26B6B89F00454517 /* SwiftfulCrypto.app */ = {isa = PBXFileReference; explicitFileType = wrapper.application; includeInIndex = 0; path = SwiftfulCrypto.app; sourceTree = BUILT_PRODUCTS_DIR; };
		BF6800D026B6B89F00454517 /* SwiftfulCryptoApp.swift */ = {isa = PBXFileReference; lastKnownFileType = sourcecode.swift; path = SwiftfulCryptoApp.swift; sourceTree = "<group>"; };
		BF6800D226B6B89F00454517 /* ContentView.swift */ = {isa = PBXFileReference; lastKnownFileType = sourcecode.swift; path = ContentView.swift; sourceTree = "<group>"; };
		BF6800D426B6B8A200454517 /* Assets.xcassets */ = {isa = PBXFileReference; lastKnownFileType = folder.assetcatalog; path = Assets.xcassets; sourceTree = "<group>"; };
		BF6800D726B6B8A200454517 /* Preview Assets.xcassets */ = {isa = PBXFileReference; lastKnownFileType = folder.assetcatalog; path = "Preview Assets.xcassets"; sourceTree = "<group>"; };
		BF6800D926B6B8A200454517 /* Info.plist */ = {isa = PBXFileReference; lastKnownFileType = text.plist.xml; path = Info.plist; sourceTree = "<group>"; };
		BF6800E326B6BDC900454517 /* Color.swift */ = {isa = PBXFileReference; lastKnownFileType = sourcecode.swift; path = Color.swift; sourceTree = "<group>"; };
		BF6800E926B6C58400454517 /* HomeView.swift */ = {isa = PBXFileReference; lastKnownFileType = sourcecode.swift; path = HomeView.swift; sourceTree = "<group>"; };
		BF6800ED26B6D14800454517 /* CircleButtonView.swift */ = {isa = PBXFileReference; lastKnownFileType = sourcecode.swift; path = CircleButtonView.swift; sourceTree = "<group>"; };
		BF6800EF26B6D8F200454517 /* CircleBottonAnimationView.swift */ = {isa = PBXFileReference; lastKnownFileType = sourcecode.swift; path = CircleBottonAnimationView.swift; sourceTree = "<group>"; };
/* End PBXFileReference section */

/* Begin PBXFrameworksBuildPhase section */
		BF6800CA26B6B89F00454517 /* Frameworks */ = {
			isa = PBXFrameworksBuildPhase;
			buildActionMask = 2147483647;
			files = (
			);
			runOnlyForDeploymentPostprocessing = 0;
		};
/* End PBXFrameworksBuildPhase section */

/* Begin PBXGroup section */
		BF6800C426B6B89F00454517 = {
			isa = PBXGroup;
			children = (
				BF6800CF26B6B89F00454517 /* SwiftfulCrypto */,
				BF6800CE26B6B89F00454517 /* Products */,
			);
			sourceTree = "<group>";
		};
		BF6800CE26B6B89F00454517 /* Products */ = {
			isa = PBXGroup;
			children = (
				BF6800CD26B6B89F00454517 /* SwiftfulCrypto.app */,
			);
			name = Products;
			sourceTree = "<group>";
		};
		BF6800CF26B6B89F00454517 /* SwiftfulCrypto */ = {
			isa = PBXGroup;
			children = (
				BF6800D026B6B89F00454517 /* SwiftfulCryptoApp.swift */,
				BF6800E226B6BD9400454517 /* Extensions */,
				BF6800E526B6C4C000454517 /* Core */,
				BF6800D226B6B89F00454517 /* ContentView.swift */,
				BF6800D426B6B8A200454517 /* Assets.xcassets */,
				BF6800D926B6B8A200454517 /* Info.plist */,
				BF6800D626B6B8A200454517 /* Preview Content */,
			);
			path = SwiftfulCrypto;
			sourceTree = "<group>";
		};
		BF6800D626B6B8A200454517 /* Preview Content */ = {
			isa = PBXGroup;
			children = (
				BF6800D726B6B8A200454517 /* Preview Assets.xcassets */,
			);
			path = "Preview Content";
			sourceTree = "<group>";
		};
		BF6800E226B6BD9400454517 /* Extensions */ = {
			isa = PBXGroup;
			children = (
				BF6800E326B6BDC900454517 /* Color.swift */,
			);
			path = Extensions;
			sourceTree = "<group>";
		};
		BF6800E526B6C4C000454517 /* Core */ = {
			isa = PBXGroup;
			children = (
				BF6800EB26B6D10100454517 /* Components */,
				BF6800E626B6C4F800454517 /* Home */,
			);
			path = Core;
			sourceTree = "<group>";
		};
		BF6800E626B6C4F800454517 /* Home */ = {
			isa = PBXGroup;
			children = (
				BF6800E826B6C51800454517 /* ViewModels */,
				BF6800E726B6C50800454517 /* Views */,
			);
			path = Home;
			sourceTree = "<group>";
		};
		BF6800E726B6C50800454517 /* Views */ = {
			isa = PBXGroup;
			children = (
			);
			path = Views;
			sourceTree = "<group>";
		};
		BF6800E826B6C51800454517 /* ViewModels */ = {
			isa = PBXGroup;
			children = (
				BF6800E926B6C58400454517 /* HomeView.swift */,
			);
			path = ViewModels;
			sourceTree = "<group>";
		};
		BF6800EB26B6D10100454517 /* Components */ = {
			isa = PBXGroup;
			children = (
				BF6800EC26B6D11D00454517 /* CircleButton */,
			);
			path = Components;
			sourceTree = "<group>";
		};
		BF6800EC26B6D11D00454517 /* CircleButton */ = {
			isa = PBXGroup;
			children = (
				BF6800ED26B6D14800454517 /* CircleButtonView.swift */,
				BF6800EF26B6D8F200454517 /* CircleBottonAnimationView.swift */,
			);
			path = CircleButton;
			sourceTree = "<group>";
		};
/* End PBXGroup section */

/* Begin PBXNativeTarget section */
		BF6800CC26B6B89F00454517 /* SwiftfulCrypto */ = {
			isa = PBXNativeTarget;
			buildConfigurationList = BF6800DC26B6B8A200454517 /* Build configuration list for PBXNativeTarget "SwiftfulCrypto" */;
			buildPhases = (
				BF6800C926B6B89F00454517 /* Sources */,
				BF6800CA26B6B89F00454517 /* Frameworks */,
				BF6800CB26B6B89F00454517 /* Resources */,
			);
			buildRules = (
			);
			dependencies = (
			);
			name = SwiftfulCrypto;
			productName = SwiftfulCrypto;
			productReference = BF6800CD26B6B89F00454517 /* SwiftfulCrypto.app */;
			productType = "com.apple.product-type.application";
		};
/* End PBXNativeTarget section */

/* Begin PBXProject section */
		BF6800C526B6B89F00454517 /* Project object */ = {
			isa = PBXProject;
			attributes = {
				LastSwiftUpdateCheck = 1250;
				LastUpgradeCheck = 1250;
				TargetAttributes = {
					BF6800CC26B6B89F00454517 = {
						CreatedOnToolsVersion = 12.5.1;
					};
				};
			};
			buildConfigurationList = BF6800C826B6B89F00454517 /* Build configuration list for PBXProject "SwiftfulCrypto" */;
			compatibilityVersion = "Xcode 9.3";
			developmentRegion = en;
			hasScannedForEncodings = 0;
			knownRegions = (
				en,
				Base,
			);
			mainGroup = BF6800C426B6B89F00454517;
			productRefGroup = BF6800CE26B6B89F00454517 /* Products */;
			projectDirPath = "";
			projectRoot = "";
			targets = (
				BF6800CC26B6B89F00454517 /* SwiftfulCrypto */,
			);
		};
/* End PBXProject section */

/* Begin PBXResourcesBuildPhase section */
		BF6800CB26B6B89F00454517 /* Resources */ = {
			isa = PBXResourcesBuildPhase;
			buildActionMask = 2147483647;
			files = (
				BF6800D826B6B8A200454517 /* Preview Assets.xcassets in Resources */,
				BF6800D526B6B8A200454517 /* Assets.xcassets in Resources */,
			);
			runOnlyForDeploymentPostprocessing = 0;
		};
/* End PBXResourcesBuildPhase section */

/* Begin PBXSourcesBuildPhase section */
		BF6800C926B6B89F00454517 /* Sources */ = {
			isa = PBXSourcesBuildPhase;
			buildActionMask = 2147483647;
			files = (
				BF6800D326B6B89F00454517 /* ContentView.swift in Sources */,
				BF6800F026B6D8F200454517 /* CircleBottonAnimationView.swift in Sources */,
				BF6800EA26B6C58400454517 /* HomeView.swift in Sources */,
				BF6800D126B6B89F00454517 /* SwiftfulCryptoApp.swift in Sources */,
				BF6800EE26B6D14800454517 /* CircleButtonView.swift in Sources */,
				BF6800E426B6BDC900454517 /* Color.swift in Sources */,
			);
			runOnlyForDeploymentPostprocessing = 0;
		};
/* End PBXSourcesBuildPhase section */

/* Begin XCBuildConfiguration section */
		BF6800DA26B6B8A200454517 /* Debug */ = {
			isa = XCBuildConfiguration;
			buildSettings = {
				ALWAYS_SEARCH_USER_PATHS = NO;
				CLANG_ANALYZER_NONNULL = YES;
				CLANG_ANALYZER_NUMBER_OBJECT_CONVERSION = YES_AGGRESSIVE;
				CLANG_CXX_LANGUAGE_STANDARD = "gnu++14";
				CLANG_CXX_LIBRARY = "libc++";
				CLANG_ENABLE_MODULES = YES;
				CLANG_ENABLE_OBJC_ARC = YES;
				CLANG_ENABLE_OBJC_WEAK = YES;
				CLANG_WARN_BLOCK_CAPTURE_AUTORELEASING = YES;
				CLANG_WARN_BOOL_CONVERSION = YES;
				CLANG_WARN_COMMA = YES;
				CLANG_WARN_CONSTANT_CONVERSION = YES;
				CLANG_WARN_DEPRECATED_OBJC_IMPLEMENTATIONS = YES;
				CLANG_WARN_DIRECT_OBJC_ISA_USAGE = YES_ERROR;
				CLANG_WARN_DOCUMENTATION_COMMENTS = YES;
				CLANG_WARN_EMPTY_BODY = YES;
				CLANG_WARN_ENUM_CONVERSION = YES;
				CLANG_WARN_INFINITE_RECURSION = YES;
				CLANG_WARN_INT_CONVERSION = YES;
				CLANG_WARN_NON_LITERAL_NULL_CONVERSION = YES;
				CLANG_WARN_OBJC_IMPLICIT_RETAIN_SELF = YES;
				CLANG_WARN_OBJC_LITERAL_CONVERSION = YES;
				CLANG_WARN_OBJC_ROOT_CLASS = YES_ERROR;
				CLANG_WARN_QUOTED_INCLUDE_IN_FRAMEWORK_HEADER = YES;
				CLANG_WARN_RANGE_LOOP_ANALYSIS = YES;
				CLANG_WARN_STRICT_PROTOTYPES = YES;
				CLANG_WARN_SUSPICIOUS_MOVE = YES;
				CLANG_WARN_UNGUARDED_AVAILABILITY = YES_AGGRESSIVE;
				CLANG_WARN_UNREACHABLE_CODE = YES;
				CLANG_WARN__DUPLICATE_METHOD_MATCH = YES;
				COPY_PHASE_STRIP = NO;
				DEBUG_INFORMATION_FORMAT = dwarf;
				ENABLE_STRICT_OBJC_MSGSEND = YES;
				ENABLE_TESTABILITY = YES;
				GCC_C_LANGUAGE_STANDARD = gnu11;
				GCC_DYNAMIC_NO_PIC = NO;
				GCC_NO_COMMON_BLOCKS = YES;
				GCC_OPTIMIZATION_LEVEL = 0;
				GCC_PREPROCESSOR_DEFINITIONS = (
					"DEBUG=1",
					"$(inherited)",
				);
				GCC_WARN_64_TO_32_BIT_CONVERSION = YES;
				GCC_WARN_ABOUT_RETURN_TYPE = YES_ERROR;
				GCC_WARN_UNDECLARED_SELECTOR = YES;
				GCC_WARN_UNINITIALIZED_AUTOS = YES_AGGRESSIVE;
				GCC_WARN_UNUSED_FUNCTION = YES;
				GCC_WARN_UNUSED_VARIABLE = YES;
				IPHONEOS_DEPLOYMENT_TARGET = 14.5;
				MTL_ENABLE_DEBUG_INFO = INCLUDE_SOURCE;
				MTL_FAST_MATH = YES;
				ONLY_ACTIVE_ARCH = YES;
				SDKROOT = iphoneos;
				SWIFT_ACTIVE_COMPILATION_CONDITIONS = DEBUG;
				SWIFT_OPTIMIZATION_LEVEL = "-Onone";
			};
			name = Debug;
		};
		BF6800DB26B6B8A200454517 /* Release */ = {
			isa = XCBuildConfiguration;
			buildSettings = {
				ALWAYS_SEARCH_USER_PATHS = NO;
				CLANG_ANALYZER_NONNULL = YES;
				CLANG_ANALYZER_NUMBER_OBJECT_CONVERSION = YES_AGGRESSIVE;
				CLANG_CXX_LANGUAGE_STANDARD = "gnu++14";
				CLANG_CXX_LIBRARY = "libc++";
				CLANG_ENABLE_MODULES = YES;
				CLANG_ENABLE_OBJC_ARC = YES;
				CLANG_ENABLE_OBJC_WEAK = YES;
				CLANG_WARN_BLOCK_CAPTURE_AUTORELEASING = YES;
				CLANG_WARN_BOOL_CONVERSION = YES;
				CLANG_WARN_COMMA = YES;
				CLANG_WARN_CONSTANT_CONVERSION = YES;
				CLANG_WARN_DEPRECATED_OBJC_IMPLEMENTATIONS = YES;
				CLANG_WARN_DIRECT_OBJC_ISA_USAGE = YES_ERROR;
				CLANG_WARN_DOCUMENTATION_COMMENTS = YES;
				CLANG_WARN_EMPTY_BODY = YES;
				CLANG_WARN_ENUM_CONVERSION = YES;
				CLANG_WARN_INFINITE_RECURSION = YES;
				CLANG_WARN_INT_CONVERSION = YES;
				CLANG_WARN_NON_LITERAL_NULL_CONVERSION = YES;
				CLANG_WARN_OBJC_IMPLICIT_RETAIN_SELF = YES;
				CLANG_WARN_OBJC_LITERAL_CONVERSION = YES;
				CLANG_WARN_OBJC_ROOT_CLASS = YES_ERROR;
				CLANG_WARN_QUOTED_INCLUDE_IN_FRAMEWORK_HEADER = YES;
				CLANG_WARN_RANGE_LOOP_ANALYSIS = YES;
				CLANG_WARN_STRICT_PROTOTYPES = YES;
				CLANG_WARN_SUSPICIOUS_MOVE = YES;
				CLANG_WARN_UNGUARDED_AVAILABILITY = YES_AGGRESSIVE;
				CLANG_WARN_UNREACHABLE_CODE = YES;
				CLANG_WARN__DUPLICATE_METHOD_MATCH = YES;
				COPY_PHASE_STRIP = NO;
				DEBUG_INFORMATION_FORMAT = "dwarf-with-dsym";
				ENABLE_NS_ASSERTIONS = NO;
				ENABLE_STRICT_OBJC_MSGSEND = YES;
				GCC_C_LANGUAGE_STANDARD = gnu11;
				GCC_NO_COMMON_BLOCKS = YES;
				GCC_WARN_64_TO_32_BIT_CONVERSION = YES;
				GCC_WARN_ABOUT_RETURN_TYPE = YES_ERROR;
				GCC_WARN_UNDECLARED_SELECTOR = YES;
				GCC_WARN_UNINITIALIZED_AUTOS = YES_AGGRESSIVE;
				GCC_WARN_UNUSED_FUNCTION = YES;
				GCC_WARN_UNUSED_VARIABLE = YES;
				IPHONEOS_DEPLOYMENT_TARGET = 14.5;
				MTL_ENABLE_DEBUG_INFO = NO;
				MTL_FAST_MATH = YES;
				SDKROOT = iphoneos;
				SWIFT_COMPILATION_MODE = wholemodule;
				SWIFT_OPTIMIZATION_LEVEL = "-O";
				VALIDATE_PRODUCT = YES;
			};
			name = Release;
		};
		BF6800DD26B6B8A200454517 /* Debug */ = {
			isa = XCBuildConfiguration;
			buildSettings = {
				ASSETCATALOG_COMPILER_APPICON_NAME = AppIcon;
				ASSETCATALOG_COMPILER_GLOBAL_ACCENT_COLOR_NAME = AccentColor;
				CODE_SIGN_STYLE = Automatic;
				DEVELOPMENT_ASSET_PATHS = "\"SwiftfulCrypto/Preview Content\"";
				DEVELOPMENT_TEAM = GH8767RCJ5;
				ENABLE_PREVIEWS = YES;
				INFOPLIST_FILE = SwiftfulCrypto/Info.plist;
				IPHONEOS_DEPLOYMENT_TARGET = 14.0;
				LD_RUNPATH_SEARCH_PATHS = (
					"$(inherited)",
					"@executable_path/Frameworks",
				);
				PRODUCT_BUNDLE_IDENTIFIER = id.co.aitc.tekadigi.SwiftfulCrypto;
				PRODUCT_NAME = "$(TARGET_NAME)";
				SWIFT_VERSION = 5.0;
				TARGETED_DEVICE_FAMILY = "1,2";
			};
			name = Debug;
		};
		BF6800DE26B6B8A200454517 /* Release */ = {
			isa = XCBuildConfiguration;
			buildSettings = {
				ASSETCATALOG_COMPILER_APPICON_NAME = AppIcon;
				ASSETCATALOG_COMPILER_GLOBAL_ACCENT_COLOR_NAME = AccentColor;
				CODE_SIGN_STYLE = Automatic;
				DEVELOPMENT_ASSET_PATHS = "\"SwiftfulCrypto/Preview Content\"";
				DEVELOPMENT_TEAM = GH8767RCJ5;
				ENABLE_PREVIEWS = YES;
				INFOPLIST_FILE = SwiftfulCrypto/Info.plist;
				IPHONEOS_DEPLOYMENT_TARGET = 14.0;
				LD_RUNPATH_SEARCH_PATHS = (
					"$(inherited)",
					"@executable_path/Frameworks",
				);
				PRODUCT_BUNDLE_IDENTIFIER = id.co.aitc.tekadigi.SwiftfulCrypto;
				PRODUCT_NAME = "$(TARGET_NAME)";
				SWIFT_VERSION = 5.0;
				TARGETED_DEVICE_FAMILY = "1,2";
			};
			name = Release;
		};
/* End XCBuildConfiguration section */

/* Begin XCConfigurationList section */
		BF6800C826B6B89F00454517 /* Build configuration list for PBXProject "SwiftfulCrypto" */ = {
			isa = XCConfigurationList;
			buildConfigurations = (
				BF6800DA26B6B8A200454517 /* Debug */,
				BF6800DB26B6B8A200454517 /* Release */,
			);
			defaultConfigurationIsVisible = 0;
			defaultConfigurationName = Release;
		};
		BF6800DC26B6B8A200454517 /* Build configuration list for PBXNativeTarget "SwiftfulCrypto" */ = {
			isa = XCConfigurationList;
			buildConfigurations = (
				BF6800DD26B6B8A200454517 /* Debug */,
				BF6800DE26B6B8A200454517 /* Release */,
			);
			defaultConfigurationIsVisible = 0;
			defaultConfigurationName = Release;
		};
/* End XCConfigurationList section */
	};
	rootObject = BF6800C526B6B89F00454517 /* Project object */;
}
